
Microsoft Visual Studio Solution File, Format Version 12.00
# Visual Studio Version 17
VisualStudioVersion = 17.4.33103.184
MinimumVisualStudioVersion = 10.0.40219.1
Project("{8BC9CEB8-8B4A-11D0-8D11-00A0C91BC942}") = "AirQualityIndexCalculator", "AirQualityIndexCalculator\AirQualityIndexCalculator.vcxproj", "{5C2331C4-9423-4AE2-8CFC-89E64316E2F8}"
EndProject
Global
	GlobalSection(SolutionConfigurationPlatforms) = preSolution
		Debug|x64 = Debug|x64
		Debug|x86 = Debug|x86
		Release|x64 = Release|x64
		Release|x86 = Release|x86
	EndGlobalSection
	GlobalSection(ProjectConfigurationPlatforms) = postSolution
		{5C2331C4-9423-4AE2-8CFC-89E64316E2F8}.Debug|x64.ActiveCfg = Debug|x64
		{5C2331C4-9423-4AE2-8CFC-89E64316E2F8}.Debug|x64.Build.0 = Debug|x64
		{5C2331C4-9423-4AE2-8CFC-89E64316E2F8}.Debug|x86.ActiveCfg = Debug|Win32
		{5C2331C4-9423-4AE2-8CFC-89E64316E2F8}.Debug|x86.Build.0 = Debug|Win32
		{5C2331C4-9423-4AE2-8CFC-89E64316E2F8}.Release|x64.ActiveCfg = Release|x64
		{5C2331C4-9423-4AE2-8CFC-89E64316E2F8}.Release|x64.Build.0 = Release|x64
		{5C2331C4-9423-4AE2-8CFC-89E64316E2F8}.Release|x86.ActiveCfg = Release|Win32
		{5C2331C4-9423-4AE2-8CFC-89E64316E2F8}.Release|x86.Build.0 = Release|Win32
	EndGlobalSection
	GlobalSection(SolutionProperties) = preSolution
		HideSolutionNode = FALSE
	EndGlobalSection
	GlobalSection(ExtensibilityGlobals) = postSolution
		SolutionGuid = {8DD5E4CD-B30B-4E29-8ACA-BBAE5A4365EF}
	EndGlobalSection
EndGlobal
